
Microsoft Visual Studio Solution File, Format Version 12.00
# Visual Studio Version 17
VisualStudioVersion = 17.10.35201.131
MinimumVisualStudioVersion = 10.0.40219.1
Project("{FAE04EC0-301F-11D3-BF4B-00C04F79EFBC}") = "DocumentRegister.UI", "DocumentRegister.UI\DocumentRegister.UI.csproj", "{C40ACEA0-02F7-4C9B-9BC4-B30D42C3B255}"
EndProject
Project("{FAE04EC0-301F-11D3-BF4B-00C04F79EFBC}") = "DocumentRegister.Core", "DocumentRegister.Core\DocumentRegister.Core.csproj", "{4DCC804B-88B8-4D4F-AEA1-2A8F0181DAE9}"
EndProject
Project("{FAE04EC0-301F-11D3-BF4B-00C04F79EFBC}") = "DocumentRegister.Infrastructure", "DocumentRegister.Infrastructure\DocumentRegister.Infrastructure.csproj", "{DF303FB2-2482-4B56-9E6D-DDB96B1B7B64}"
EndProject
Project("{FAE04EC0-301F-11D3-BF4B-00C04F79EFBC}") = "DocumentRegister.Application", "DocumentRegister.Application\DocumentRegister.Application.csproj", "{D362E9BF-79C5-4636-AD91-F6AA52B7E35F}"
EndProject
Project("{FAE04EC0-301F-11D3-BF4B-00C04F79EFBC}") = "DocumentRegister.API", "DocumentRegister.API\DocumentRegister.API.csproj", "{B949A220-6704-4DB5-BDDE-5B6253927A53}"
EndProject
Global
	GlobalSection(SolutionConfigurationPlatforms) = preSolution
		Debug|Any CPU = Debug|Any CPU
		Release|Any CPU = Release|Any CPU
	EndGlobalSection
	GlobalSection(ProjectConfigurationPlatforms) = postSolution
		{C40ACEA0-02F7-4C9B-9BC4-B30D42C3B255}.Debug|Any CPU.ActiveCfg = Debug|Any CPU
		{C40ACEA0-02F7-4C9B-9BC4-B30D42C3B255}.Debug|Any CPU.Build.0 = Debug|Any CPU
		{C40ACEA0-02F7-4C9B-9BC4-B30D42C3B255}.Release|Any CPU.ActiveCfg = Release|Any CPU
		{C40ACEA0-02F7-4C9B-9BC4-B30D42C3B255}.Release|Any CPU.Build.0 = Release|Any CPU
		{4DCC804B-88B8-4D4F-AEA1-2A8F0181DAE9}.Debug|Any CPU.ActiveCfg = Debug|Any CPU
		{4DCC804B-88B8-4D4F-AEA1-2A8F0181DAE9}.Debug|Any CPU.Build.0 = Debug|Any CPU
		{4DCC804B-88B8-4D4F-AEA1-2A8F0181DAE9}.Release|Any CPU.ActiveCfg = Release|Any CPU
		{4DCC804B-88B8-4D4F-AEA1-2A8F0181DAE9}.Release|Any CPU.Build.0 = Release|Any CPU
		{DF303FB2-2482-4B56-9E6D-DDB96B1B7B64}.Debug|Any CPU.ActiveCfg = Debug|Any CPU
		{DF303FB2-2482-4B56-9E6D-DDB96B1B7B64}.Debug|Any CPU.Build.0 = Debug|Any CPU
		{DF303FB2-2482-4B56-9E6D-DDB96B1B7B64}.Release|Any CPU.ActiveCfg = Release|Any CPU
		{DF303FB2-2482-4B56-9E6D-DDB96B1B7B64}.Release|Any CPU.Build.0 = Release|Any CPU
		{D362E9BF-79C5-4636-AD91-F6AA52B7E35F}.Debug|Any CPU.ActiveCfg = Debug|Any CPU
		{D362E9BF-79C5-4636-AD91-F6AA52B7E35F}.Debug|Any CPU.Build.0 = Debug|Any CPU
		{D362E9BF-79C5-4636-AD91-F6AA52B7E35F}.Release|Any CPU.ActiveCfg = Release|Any CPU
		{D362E9BF-79C5-4636-AD91-F6AA52B7E35F}.Release|Any CPU.Build.0 = Release|Any CPU
		{B949A220-6704-4DB5-BDDE-5B6253927A53}.Debug|Any CPU.ActiveCfg = Debug|Any CPU
		{B949A220-6704-4DB5-BDDE-5B6253927A53}.Debug|Any CPU.Build.0 = Debug|Any CPU
		{B949A220-6704-4DB5-BDDE-5B6253927A53}.Release|Any CPU.ActiveCfg = Release|Any CPU
		{B949A220-6704-4DB5-BDDE-5B6253927A53}.Release|Any CPU.Build.0 = Release|Any CPU
	EndGlobalSection
	GlobalSection(SolutionProperties) = preSolution
		HideSolutionNode = FALSE
	EndGlobalSection
	GlobalSection(ExtensibilityGlobals) = postSolution
		SolutionGuid = {26278270-F317-449E-BC2C-72EC3AAAB8A2}
	EndGlobalSection
EndGlobal
